
Microsoft Visual Studio Solution File, Format Version 12.00
# Visual Studio Version 16
VisualStudioVersion = 16.0.30907.101
MinimumVisualStudioVersion = 10.0.40219.1
Project("{FAE04EC0-301F-11D3-BF4B-00C04F79EFBC}") = "demoapp", "demoapp\demoapp.csproj", "{B67F8471-10F7-4CA9-A625-406935EC3816}"
EndProject
Global
	GlobalSection(SolutionConfigurationPlatforms) = preSolution
		Debug|Any CPU = Debug|Any CPU
		Release|Any CPU = Release|Any CPU
	EndGlobalSection
	GlobalSection(ProjectConfigurationPlatforms) = postSolution
		{B67F8471-10F7-4CA9-A625-406935EC3816}.Debug|Any CPU.ActiveCfg = Debug|Any CPU
		{B67F8471-10F7-4CA9-A625-406935EC3816}.Debug|Any CPU.Build.0 = Debug|Any CPU
		{B67F8471-10F7-4CA9-A625-406935EC3816}.Release|Any CPU.ActiveCfg = Release|Any CPU
		{B67F8471-10F7-4CA9-A625-406935EC3816}.Release|Any CPU.Build.0 = Release|Any CPU
	EndGlobalSection
	GlobalSection(SolutionProperties) = preSolution
		HideSolutionNode = FALSE
	EndGlobalSection
	GlobalSection(ExtensibilityGlobals) = postSolution
		SolutionGuid = {9DE6E693-54AB-4608-A10C-0381BB00B444}
	EndGlobalSection
EndGlobal
